// !$*UTF8*$!
{
	archiveVersion = 1;
	classes = {
	};
	objectVersion = 50;
	objects = {

/* Begin PBXBuildFile section */
		AD3B393E26091FB6007D5B59 /* Colors.swift in Sources */ = {isa = PBXBuildFile; fileRef = AD3B393D26091FB6007D5B59 /* Colors.swift */; };
		AD6CF1552608D53300272A3F /* IQTextView.swift in Sources */ = {isa = PBXBuildFile; fileRef = AD6CF13A2608D53300272A3F /* IQTextView.swift */; };
		AD6CF1562608D53300272A3F /* IQKeyboardManager+Internal.swift in Sources */ = {isa = PBXBuildFile; fileRef = AD6CF13B2608D53300272A3F /* IQKeyboardManager+Internal.swift */; };
		AD6CF1572608D53300272A3F /* IQPreviousNextView.swift in Sources */ = {isa = PBXBuildFile; fileRef = AD6CF13D2608D53300272A3F /* IQPreviousNextView.swift */; };
		AD6CF1582608D53300272A3F /* IQTitleBarButtonItem.swift in Sources */ = {isa = PBXBuildFile; fileRef = AD6CF13E2608D53300272A3F /* IQTitleBarButtonItem.swift */; };
		AD6CF1592608D53300272A3F /* IQBarButtonItem.swift in Sources */ = {isa = PBXBuildFile; fileRef = AD6CF13F2608D53300272A3F /* IQBarButtonItem.swift */; };
		AD6CF15A2608D53300272A3F /* IQToolbar.swift in Sources */ = {isa = PBXBuildFile; fileRef = AD6CF1402608D53300272A3F /* IQToolbar.swift */; };
		AD6CF15B2608D53300272A3F /* IQUIView+IQKeyboardToolbar.swift in Sources */ = {isa = PBXBuildFile; fileRef = AD6CF1412608D53300272A3F /* IQUIView+IQKeyboardToolbar.swift */; };
		AD6CF15C2608D53300272A3F /* IQInvocation.swift in Sources */ = {isa = PBXBuildFile; fileRef = AD6CF1422608D53300272A3F /* IQInvocation.swift */; };
		AD6CF15D2608D53300272A3F /* IQKeyboardManager+UIKeyboardNotification.swift in Sources */ = {isa = PBXBuildFile; fileRef = AD6CF1432608D53300272A3F /* IQKeyboardManager+UIKeyboardNotification.swift */; };
		AD6CF15E2608D53300272A3F /* IQKeyboardManagerConstantsInternal.swift in Sources */ = {isa = PBXBuildFile; fileRef = AD6CF1452608D53300272A3F /* IQKeyboardManagerConstantsInternal.swift */; };
		AD6CF15F2608D53300272A3F /* IQKeyboardManagerConstants.swift in Sources */ = {isa = PBXBuildFile; fileRef = AD6CF1462608D53300272A3F /* IQKeyboardManagerConstants.swift */; };
		AD6CF1602608D53300272A3F /* IQKeyboardManager+Position.swift in Sources */ = {isa = PBXBuildFile; fileRef = AD6CF1472608D53300272A3F /* IQKeyboardManager+Position.swift */; };
		AD6CF1612608D53300272A3F /* IQKeyboardReturnKeyHandler.swift in Sources */ = {isa = PBXBuildFile; fileRef = AD6CF1482608D53300272A3F /* IQKeyboardReturnKeyHandler.swift */; };
		AD6CF1622608D53300272A3F /* IQKeyboardManager.swift in Sources */ = {isa = PBXBuildFile; fileRef = AD6CF1492608D53300272A3F /* IQKeyboardManager.swift */; };
		AD6CF1632608D53300272A3F /* IQKeyboardManager+Debug.swift in Sources */ = {isa = PBXBuildFile; fileRef = AD6CF14A2608D53300272A3F /* IQKeyboardManager+Debug.swift */; };
		AD6CF1642608D53300272A3F /* IQKeyboardManager+OrientationNotification.swift in Sources */ = {isa = PBXBuildFile; fileRef = AD6CF14B2608D53300272A3F /* IQKeyboardManager+OrientationNotification.swift */; };
		AD6CF1652608D53300272A3F /* IQKeyboardManager+Toolbar.swift in Sources */ = {isa = PBXBuildFile; fileRef = AD6CF14C2608D53300272A3F /* IQKeyboardManager+Toolbar.swift */; };
		AD6CF1662608D53300272A3F /* IQUIScrollView+Additions.swift in Sources */ = {isa = PBXBuildFile; fileRef = AD6CF14F2608D53300272A3F /* IQUIScrollView+Additions.swift */; };
		AD6CF1672608D53300272A3F /* IQUIViewController+Additions.swift in Sources */ = {isa = PBXBuildFile; fileRef = AD6CF1502608D53300272A3F /* IQUIViewController+Additions.swift */; };
		AD6CF1682608D53300272A3F /* IQUITextFieldView+Additions.swift in Sources */ = {isa = PBXBuildFile; fileRef = AD6CF1512608D53300272A3F /* IQUITextFieldView+Additions.swift */; };
		AD6CF1692608D53300272A3F /* IQUIView+Hierarchy.swift in Sources */ = {isa = PBXBuildFile; fileRef = AD6CF1522608D53300272A3F /* IQUIView+Hierarchy.swift */; };
		AD6CF16A2608D53300272A3F /* IQNSArray+Sort.swift in Sources */ = {isa = PBXBuildFile; fileRef = AD6CF1532608D53300272A3F /* IQNSArray+Sort.swift */; };
		AD6CF16B2608D53300272A3F /* IQKeyboardManager+UITextFieldViewNotification.swift in Sources */ = {isa = PBXBuildFile; fileRef = AD6CF1542608D53300272A3F /* IQKeyboardManager+UITextFieldViewNotification.swift */; };
		AD7E9E3126108B2400225C15 /* DataBaseHelper.swift in Sources */ = {isa = PBXBuildFile; fileRef = AD7E9E3026108B2400225C15 /* DataBaseHelper.swift */; };
		ADCBC1EF26062551004AA8B8 /* AppDelegate.swift in Sources */ = {isa = PBXBuildFile; fileRef = ADCBC1EE26062551004AA8B8 /* AppDelegate.swift */; };
		ADCBC1F126062551004AA8B8 /* SceneDelegate.swift in Sources */ = {isa = PBXBuildFile; fileRef = ADCBC1F026062551004AA8B8 /* SceneDelegate.swift */; };
		ADCBC1F326062551004AA8B8 /* BirthdaysViewController.swift in Sources */ = {isa = PBXBuildFile; fileRef = ADCBC1F226062551004AA8B8 /* BirthdaysViewController.swift */; };
		ADCBC1F626062551004AA8B8 /* BirthdaysViewController.storyboard in Resources */ = {isa = PBXBuildFile; fileRef = ADCBC1F426062551004AA8B8 /* BirthdaysViewController.storyboard */; };
		ADCBC1F926062551004AA8B8 /* Birthday_Reminder.xcdatamodeld in Sources */ = {isa = PBXBuildFile; fileRef = ADCBC1F726062551004AA8B8 /* Birthday_Reminder.xcdatamodeld */; };
		ADCBC1FB26062553004AA8B8 /* Assets.xcassets in Resources */ = {isa = PBXBuildFile; fileRef = ADCBC1FA26062553004AA8B8 /* Assets.xcassets */; };
		ADCBC1FE26062553004AA8B8 /* LaunchScreen.storyboard in Resources */ = {isa = PBXBuildFile; fileRef = ADCBC1FC26062553004AA8B8 /* LaunchScreen.storyboard */; };
		ADCBC20C260668E7004AA8B8 /* PopUpViewController.storyboard in Resources */ = {isa = PBXBuildFile; fileRef = ADCBC20B260668E7004AA8B8 /* PopUpViewController.storyboard */; };
		ADCBC20F2606690E004AA8B8 /* PopUpViewController.swift in Sources */ = {isa = PBXBuildFile; fileRef = ADCBC20E2606690E004AA8B8 /* PopUpViewController.swift */; };
		ADD6E7F32613B7710043CDC0 /* Person+CoreDataClass.swift in Sources */ = {isa = PBXBuildFile; fileRef = ADD6E7F12613B7710043CDC0 /* Person+CoreDataClass.swift */; };
/* End PBXBuildFile section */

/* Begin PBXFileReference section */
		AD3B393D26091FB6007D5B59 /* Colors.swift */ = {isa = PBXFileReference; lastKnownFileType = sourcecode.swift; path = Colors.swift; sourceTree = "<group>"; };
		AD6CF13A2608D53300272A3F /* IQTextView.swift */ = {isa = PBXFileReference; fileEncoding = 4; lastKnownFileType = sourcecode.swift; path = IQTextView.swift; sourceTree = "<group>"; };
		AD6CF13B2608D53300272A3F /* IQKeyboardManager+Internal.swift */ = {isa = PBXFileReference; fileEncoding = 4; lastKnownFileType = sourcecode.swift; path = "IQKeyboardManager+Internal.swift"; sourceTree = "<group>"; };
		AD6CF13D2608D53300272A3F /* IQPreviousNextView.swift */ = {isa = PBXFileReference; fileEncoding = 4; lastKnownFileType = sourcecode.swift; path = IQPreviousNextView.swift; sourceTree = "<group>"; };
		AD6CF13E2608D53300272A3F /* IQTitleBarButtonItem.swift */ = {isa = PBXFileReference; fileEncoding = 4; lastKnownFileType = sourcecode.swift; path = IQTitleBarButtonItem.swift; sourceTree = "<group>"; };
		AD6CF13F2608D53300272A3F /* IQBarButtonItem.swift */ = {isa = PBXFileReference; fileEncoding = 4; lastKnownFileType = sourcecode.swift; path = IQBarButtonItem.swift; sourceTree = "<group>"; };
		AD6CF1402608D53300272A3F /* IQToolbar.swift */ = {isa = PBXFileReference; fileEncoding = 4; lastKnownFileType = sourcecode.swift; path = IQToolbar.swift; sourceTree = "<group>"; };
		AD6CF1412608D53300272A3F /* IQUIView+IQKeyboardToolbar.swift */ = {isa = PBXFileReference; fileEncoding = 4; lastKnownFileType = sourcecode.swift; path = "IQUIView+IQKeyboardToolbar.swift"; sourceTree = "<group>"; };
		AD6CF1422608D53300272A3F /* IQInvocation.swift */ = {isa = PBXFileReference; fileEncoding = 4; lastKnownFileType = sourcecode.swift; path = IQInvocation.swift; sourceTree = "<group>"; };
		AD6CF1432608D53300272A3F /* IQKeyboardManager+UIKeyboardNotification.swift */ = {isa = PBXFileReference; fileEncoding = 4; lastKnownFileType = sourcecode.swift; path = "IQKeyboardManager+UIKeyboardNotification.swift"; sourceTree = "<group>"; };
		AD6CF1452608D53300272A3F /* IQKeyboardManagerConstantsInternal.swift */ = {isa = PBXFileReference; fileEncoding = 4; lastKnownFileType = sourcecode.swift; path = IQKeyboardManagerConstantsInternal.swift; sourceTree = "<group>"; };
		AD6CF1462608D53300272A3F /* IQKeyboardManagerConstants.swift */ = {isa = PBXFileReference; fileEncoding = 4; lastKnownFileType = sourcecode.swift; path = IQKeyboardManagerConstants.swift; sourceTree = "<group>"; };
		AD6CF1472608D53300272A3F /* IQKeyboardManager+Position.swift */ = {isa = PBXFileReference; fileEncoding = 4; lastKnownFileType = sourcecode.swift; path = "IQKeyboardManager+Position.swift"; sourceTree = "<group>"; };
		AD6CF1482608D53300272A3F /* IQKeyboardReturnKeyHandler.swift */ = {isa = PBXFileReference; fileEncoding = 4; lastKnownFileType = sourcecode.swift; path = IQKeyboardReturnKeyHandler.swift; sourceTree = "<group>"; };
		AD6CF1492608D53300272A3F /* IQKeyboardManager.swift */ = {isa = PBXFileReference; fileEncoding = 4; lastKnownFileType = sourcecode.swift; path = IQKeyboardManager.swift; sourceTree = "<group>"; };
		AD6CF14A2608D53300272A3F /* IQKeyboardManager+Debug.swift */ = {isa = PBXFileReference; fileEncoding = 4; lastKnownFileType = sourcecode.swift; path = "IQKeyboardManager+Debug.swift"; sourceTree = "<group>"; };
		AD6CF14B2608D53300272A3F /* IQKeyboardManager+OrientationNotification.swift */ = {isa = PBXFileReference; fileEncoding = 4; lastKnownFileType = sourcecode.swift; path = "IQKeyboardManager+OrientationNotification.swift"; sourceTree = "<group>"; };
		AD6CF14C2608D53300272A3F /* IQKeyboardManager+Toolbar.swift */ = {isa = PBXFileReference; fileEncoding = 4; lastKnownFileType = sourcecode.swift; path = "IQKeyboardManager+Toolbar.swift"; sourceTree = "<group>"; };
		AD6CF14D2608D53300272A3F /* IQKeyboardManagerSwift.h */ = {isa = PBXFileReference; fileEncoding = 4; lastKnownFileType = sourcecode.c.h; path = IQKeyboardManagerSwift.h; sourceTree = "<group>"; };
		AD6CF14F2608D53300272A3F /* IQUIScrollView+Additions.swift */ = {isa = PBXFileReference; fileEncoding = 4; lastKnownFileType = sourcecode.swift; path = "IQUIScrollView+Additions.swift"; sourceTree = "<group>"; };
		AD6CF1502608D53300272A3F /* IQUIViewController+Additions.swift */ = {isa = PBXFileReference; fileEncoding = 4; lastKnownFileType = sourcecode.swift; path = "IQUIViewController+Additions.swift"; sourceTree = "<group>"; };
		AD6CF1512608D53300272A3F /* IQUITextFieldView+Additions.swift */ = {isa = PBXFileReference; fileEncoding = 4; lastKnownFileType = sourcecode.swift; path = "IQUITextFieldView+Additions.swift"; sourceTree = "<group>"; };
		AD6CF1522608D53300272A3F /* IQUIView+Hierarchy.swift */ = {isa = PBXFileReference; fileEncoding = 4; lastKnownFileType = sourcecode.swift; path = "IQUIView+Hierarchy.swift"; sourceTree = "<group>"; };
		AD6CF1532608D53300272A3F /* IQNSArray+Sort.swift */ = {isa = PBXFileReference; fileEncoding = 4; lastKnownFileType = sourcecode.swift; path = "IQNSArray+Sort.swift"; sourceTree = "<group>"; };
		AD6CF1542608D53300272A3F /* IQKeyboardManager+UITextFieldViewNotification.swift */ = {isa = PBXFileReference; fileEncoding = 4; lastKnownFileType = sourcecode.swift; path = "IQKeyboardManager+UITextFieldViewNotification.swift"; sourceTree = "<group>"; };
		AD7E9E3026108B2400225C15 /* DataBaseHelper.swift */ = {isa = PBXFileReference; lastKnownFileType = sourcecode.swift; path = DataBaseHelper.swift; sourceTree = "<group>"; };
		ADCBC1EB26062551004AA8B8 /* Birthday Reminder.app */ = {isa = PBXFileReference; explicitFileType = wrapper.application; includeInIndex = 0; path = "Birthday Reminder.app"; sourceTree = BUILT_PRODUCTS_DIR; };
		ADCBC1EE26062551004AA8B8 /* AppDelegate.swift */ = {isa = PBXFileReference; lastKnownFileType = sourcecode.swift; path = AppDelegate.swift; sourceTree = "<group>"; };
		ADCBC1F026062551004AA8B8 /* SceneDelegate.swift */ = {isa = PBXFileReference; lastKnownFileType = sourcecode.swift; path = SceneDelegate.swift; sourceTree = "<group>"; };
		ADCBC1F226062551004AA8B8 /* BirthdaysViewController.swift */ = {isa = PBXFileReference; lastKnownFileType = sourcecode.swift; path = BirthdaysViewController.swift; sourceTree = "<group>"; };
		ADCBC1F526062551004AA8B8 /* Base */ = {isa = PBXFileReference; lastKnownFileType = file.storyboard; name = Base; path = Base.lproj/BirthdaysViewController.storyboard; sourceTree = "<group>"; };
		ADCBC1F826062551004AA8B8 /* Birthday_Reminder.xcdatamodel */ = {isa = PBXFileReference; lastKnownFileType = wrapper.xcdatamodel; path = Birthday_Reminder.xcdatamodel; sourceTree = "<group>"; };
		ADCBC1FA26062553004AA8B8 /* Assets.xcassets */ = {isa = PBXFileReference; lastKnownFileType = folder.assetcatalog; path = Assets.xcassets; sourceTree = "<group>"; };
		ADCBC1FD26062553004AA8B8 /* Base */ = {isa = PBXFileReference; lastKnownFileType = file.storyboard; name = Base; path = Base.lproj/LaunchScreen.storyboard; sourceTree = "<group>"; };
		ADCBC1FF26062553004AA8B8 /* Info.plist */ = {isa = PBXFileReference; lastKnownFileType = text.plist.xml; path = Info.plist; sourceTree = "<group>"; };
		ADCBC20B260668E7004AA8B8 /* PopUpViewController.storyboard */ = {isa = PBXFileReference; lastKnownFileType = file.storyboard; path = PopUpViewController.storyboard; sourceTree = "<group>"; };
		ADCBC20E2606690E004AA8B8 /* PopUpViewController.swift */ = {isa = PBXFileReference; lastKnownFileType = sourcecode.swift; path = PopUpViewController.swift; sourceTree = "<group>"; };
		ADD6E7F12613B7710043CDC0 /* Person+CoreDataClass.swift */ = {isa = PBXFileReference; lastKnownFileType = sourcecode.swift; path = "Person+CoreDataClass.swift"; sourceTree = "<group>"; };
/* End PBXFileReference section */

/* Begin PBXFrameworksBuildPhase section */
		ADCBC1E826062551004AA8B8 /* Frameworks */ = {
			isa = PBXFrameworksBuildPhase;
			buildActionMask = 2147483647;
			files = (
			);
			runOnlyForDeploymentPostprocessing = 0;
		};
/* End PBXFrameworksBuildPhase section */

/* Begin PBXGroup section */
		AD6CF1382608D53300272A3F /* IQKeyboardManagerSwift */ = {
			isa = PBXGroup;
			children = (
				AD6CF1392608D53300272A3F /* IQTextView */,
				AD6CF13B2608D53300272A3F /* IQKeyboardManager+Internal.swift */,
				AD6CF13C2608D53300272A3F /* IQToolbar */,
				AD6CF1432608D53300272A3F /* IQKeyboardManager+UIKeyboardNotification.swift */,
				AD6CF1442608D53300272A3F /* Constants */,
				AD6CF1472608D53300272A3F /* IQKeyboardManager+Position.swift */,
				AD6CF1482608D53300272A3F /* IQKeyboardReturnKeyHandler.swift */,
				AD6CF1492608D53300272A3F /* IQKeyboardManager.swift */,
				AD6CF14A2608D53300272A3F /* IQKeyboardManager+Debug.swift */,
				AD6CF14B2608D53300272A3F /* IQKeyboardManager+OrientationNotification.swift */,
				AD6CF14C2608D53300272A3F /* IQKeyboardManager+Toolbar.swift */,
				AD6CF14D2608D53300272A3F /* IQKeyboardManagerSwift.h */,
				AD6CF14E2608D53300272A3F /* Categories */,
				AD6CF1542608D53300272A3F /* IQKeyboardManager+UITextFieldViewNotification.swift */,
			);
			path = IQKeyboardManagerSwift;
			sourceTree = "<group>";
		};
		AD6CF1392608D53300272A3F /* IQTextView */ = {
			isa = PBXGroup;
			children = (
				AD6CF13A2608D53300272A3F /* IQTextView.swift */,
			);
			path = IQTextView;
			sourceTree = "<group>";
		};
		AD6CF13C2608D53300272A3F /* IQToolbar */ = {
			isa = PBXGroup;
			children = (
				AD6CF13D2608D53300272A3F /* IQPreviousNextView.swift */,
				AD6CF13E2608D53300272A3F /* IQTitleBarButtonItem.swift */,
				AD6CF13F2608D53300272A3F /* IQBarButtonItem.swift */,
				AD6CF1402608D53300272A3F /* IQToolbar.swift */,
				AD6CF1412608D53300272A3F /* IQUIView+IQKeyboardToolbar.swift */,
				AD6CF1422608D53300272A3F /* IQInvocation.swift */,
			);
			path = IQToolbar;
			sourceTree = "<group>";
		};
		AD6CF1442608D53300272A3F /* Constants */ = {
			isa = PBXGroup;
			children = (
				AD6CF1452608D53300272A3F /* IQKeyboardManagerConstantsInternal.swift */,
				AD6CF1462608D53300272A3F /* IQKeyboardManagerConstants.swift */,
			);
			path = Constants;
			sourceTree = "<group>";
		};
		AD6CF14E2608D53300272A3F /* Categories */ = {
			isa = PBXGroup;
			children = (
				AD6CF14F2608D53300272A3F /* IQUIScrollView+Additions.swift */,
				AD6CF1502608D53300272A3F /* IQUIViewController+Additions.swift */,
				AD6CF1512608D53300272A3F /* IQUITextFieldView+Additions.swift */,
				AD6CF1522608D53300272A3F /* IQUIView+Hierarchy.swift */,
				AD6CF1532608D53300272A3F /* IQNSArray+Sort.swift */,
			);
			path = Categories;
			sourceTree = "<group>";
		};
		AD7E9E2C26108AD700225C15 /* Data  */ = {
			isa = PBXGroup;
			children = (
				AD7E9E3026108B2400225C15 /* DataBaseHelper.swift */,
			);
			path = "Data ";
			sourceTree = "<group>";
		};
		ADCBC1E226062551004AA8B8 = {
			isa = PBXGroup;
			children = (
				ADD6E7F12613B7710043CDC0 /* Person+CoreDataClass.swift */,
				ADCBC1ED26062551004AA8B8 /* Birthday Reminder */,
				ADCBC1EC26062551004AA8B8 /* Products */,
			);
			sourceTree = "<group>";
		};
		ADCBC1EC26062551004AA8B8 /* Products */ = {
			isa = PBXGroup;
			children = (
				ADCBC1EB26062551004AA8B8 /* Birthday Reminder.app */,
			);
			name = Products;
			sourceTree = "<group>";
		};
		ADCBC1ED26062551004AA8B8 /* Birthday Reminder */ = {
			isa = PBXGroup;
			children = (
				AD7E9E2C26108AD700225C15 /* Data  */,
				AD6CF1382608D53300272A3F /* IQKeyboardManagerSwift */,
				ADCBC20A260668B5004AA8B8 /* PopUPViewController */,
				ADCBC207260667B9004AA8B8 /* BirthdayViewController */,
				ADCBC1EE26062551004AA8B8 /* AppDelegate.swift */,
				ADCBC1F026062551004AA8B8 /* SceneDelegate.swift */,
				ADCBC1FA26062553004AA8B8 /* Assets.xcassets */,
				ADCBC1FC26062553004AA8B8 /* LaunchScreen.storyboard */,
				ADCBC1FF26062553004AA8B8 /* Info.plist */,
				ADCBC1F726062551004AA8B8 /* Birthday_Reminder.xcdatamodeld */,
				AD3B393D26091FB6007D5B59 /* Colors.swift */,
			);
			path = "Birthday Reminder";
			sourceTree = "<group>";
		};
		ADCBC207260667B9004AA8B8 /* BirthdayViewController */ = {
			isa = PBXGroup;
			children = (
				ADCBC1F226062551004AA8B8 /* BirthdaysViewController.swift */,
				ADCBC1F426062551004AA8B8 /* BirthdaysViewController.storyboard */,
			);
			path = BirthdayViewController;
			sourceTree = "<group>";
		};
		ADCBC20A260668B5004AA8B8 /* PopUPViewController */ = {
			isa = PBXGroup;
			children = (
				ADCBC20E2606690E004AA8B8 /* PopUpViewController.swift */,
				ADCBC20B260668E7004AA8B8 /* PopUpViewController.storyboard */,
			);
			path = PopUPViewController;
			sourceTree = "<group>";
		};
/* End PBXGroup section */

/* Begin PBXNativeTarget section */
		ADCBC1EA26062551004AA8B8 /* Birthday Reminder */ = {
			isa = PBXNativeTarget;
			buildConfigurationList = ADCBC20226062553004AA8B8 /* Build configuration list for PBXNativeTarget "Birthday Reminder" */;
			buildPhases = (
				ADCBC1E726062551004AA8B8 /* Sources */,
				ADCBC1E826062551004AA8B8 /* Frameworks */,
				ADCBC1E926062551004AA8B8 /* Resources */,
			);
			buildRules = (
			);
			dependencies = (
			);
			name = "Birthday Reminder";
			productName = "Birthday Reminder";
			productReference = ADCBC1EB26062551004AA8B8 /* Birthday Reminder.app */;
			productType = "com.apple.product-type.application";
		};
/* End PBXNativeTarget section */

/* Begin PBXProject section */
		ADCBC1E326062551004AA8B8 /* Project object */ = {
			isa = PBXProject;
			attributes = {
				LastSwiftUpdateCheck = 1240;
				LastUpgradeCheck = 1240;
				TargetAttributes = {
					ADCBC1EA26062551004AA8B8 = {
						CreatedOnToolsVersion = 12.4;
					};
				};
			};
			buildConfigurationList = ADCBC1E626062551004AA8B8 /* Build configuration list for PBXProject "Birthday Reminder" */;
			compatibilityVersion = "Xcode 9.3";
			developmentRegion = en;
			hasScannedForEncodings = 0;
			knownRegions = (
				en,
				Base,
			);
			mainGroup = ADCBC1E226062551004AA8B8;
			productRefGroup = ADCBC1EC26062551004AA8B8 /* Products */;
			projectDirPath = "";
			projectRoot = "";
			targets = (
				ADCBC1EA26062551004AA8B8 /* Birthday Reminder */,
			);
		};
/* End PBXProject section */

/* Begin PBXResourcesBuildPhase section */
		ADCBC1E926062551004AA8B8 /* Resources */ = {
			isa = PBXResourcesBuildPhase;
			buildActionMask = 2147483647;
			files = (
				ADCBC20C260668E7004AA8B8 /* PopUpViewController.storyboard in Resources */,
				ADCBC1FE26062553004AA8B8 /* LaunchScreen.storyboard in Resources */,
				ADCBC1FB26062553004AA8B8 /* Assets.xcassets in Resources */,
				ADCBC1F626062551004AA8B8 /* BirthdaysViewController.storyboard in Resources */,
			);
			runOnlyForDeploymentPostprocessing = 0;
		};
/* End PBXResourcesBuildPhase section */

/* Begin PBXSourcesBuildPhase section */
		ADCBC1E726062551004AA8B8 /* Sources */ = {
			isa = PBXSourcesBuildPhase;
			buildActionMask = 2147483647;
			files = (
				ADD6E7F32613B7710043CDC0 /* Person+CoreDataClass.swift in Sources */,
				AD6CF1632608D53300272A3F /* IQKeyboardManager+Debug.swift in Sources */,
				AD6CF1582608D53300272A3F /* IQTitleBarButtonItem.swift in Sources */,
				ADCBC20F2606690E004AA8B8 /* PopUpViewController.swift in Sources */,
				ADCBC1F326062551004AA8B8 /* BirthdaysViewController.swift in Sources */,
				ADCBC1EF26062551004AA8B8 /* AppDelegate.swift in Sources */,
				AD6CF1592608D53300272A3F /* IQBarButtonItem.swift in Sources */,
				AD7E9E3126108B2400225C15 /* DataBaseHelper.swift in Sources */,
				AD6CF1672608D53300272A3F /* IQUIViewController+Additions.swift in Sources */,
				AD6CF15E2608D53300272A3F /* IQKeyboardManagerConstantsInternal.swift in Sources */,
				AD6CF16B2608D53300272A3F /* IQKeyboardManager+UITextFieldViewNotification.swift in Sources */,
				ADCBC1F926062551004AA8B8 /* Birthday_Reminder.xcdatamodeld in Sources */,
				AD6CF1652608D53300272A3F /* IQKeyboardManager+Toolbar.swift in Sources */,
				AD6CF15B2608D53300272A3F /* IQUIView+IQKeyboardToolbar.swift in Sources */,
				AD6CF1622608D53300272A3F /* IQKeyboardManager.swift in Sources */,
				AD6CF1662608D53300272A3F /* IQUIScrollView+Additions.swift in Sources */,
				AD6CF1612608D53300272A3F /* IQKeyboardReturnKeyHandler.swift in Sources */,
				AD6CF1642608D53300272A3F /* IQKeyboardManager+OrientationNotification.swift in Sources */,
				AD6CF1682608D53300272A3F /* IQUITextFieldView+Additions.swift in Sources */,
				AD6CF15A2608D53300272A3F /* IQToolbar.swift in Sources */,
				AD6CF1572608D53300272A3F /* IQPreviousNextView.swift in Sources */,
				AD6CF15C2608D53300272A3F /* IQInvocation.swift in Sources */,
				AD3B393E26091FB6007D5B59 /* Colors.swift in Sources */,
				AD6CF15D2608D53300272A3F /* IQKeyboardManager+UIKeyboardNotification.swift in Sources */,
				AD6CF1692608D53300272A3F /* IQUIView+Hierarchy.swift in Sources */,
				AD6CF15F2608D53300272A3F /* IQKeyboardManagerConstants.swift in Sources */,
				AD6CF1602608D53300272A3F /* IQKeyboardManager+Position.swift in Sources */,
				ADCBC1F126062551004AA8B8 /* SceneDelegate.swift in Sources */,
				AD6CF1562608D53300272A3F /* IQKeyboardManager+Internal.swift in Sources */,
				AD6CF1552608D53300272A3F /* IQTextView.swift in Sources */,
				AD6CF16A2608D53300272A3F /* IQNSArray+Sort.swift in Sources */,
			);
			runOnlyForDeploymentPostprocessing = 0;
		};
/* End PBXSourcesBuildPhase section */

/* Begin PBXVariantGroup section */
		ADCBC1F426062551004AA8B8 /* BirthdaysViewController.storyboard */ = {
			isa = PBXVariantGroup;
			children = (
				ADCBC1F526062551004AA8B8 /* Base */,
			);
			name = BirthdaysViewController.storyboard;
			sourceTree = "<group>";
		};
		ADCBC1FC26062553004AA8B8 /* LaunchScreen.storyboard */ = {
			isa = PBXVariantGroup;
			children = (
				ADCBC1FD26062553004AA8B8 /* Base */,
			);
			name = LaunchScreen.storyboard;
			sourceTree = "<group>";
		};
/* End PBXVariantGroup section */

/* Begin XCBuildConfiguration section */
		ADCBC20026062553004AA8B8 /* Debug */ = {
			isa = XCBuildConfiguration;
			buildSettings = {
				ALWAYS_SEARCH_USER_PATHS = NO;
				CLANG_ANALYZER_NONNULL = YES;
				CLANG_ANALYZER_NUMBER_OBJECT_CONVERSION = YES_AGGRESSIVE;
				CLANG_CXX_LANGUAGE_STANDARD = "gnu++14";
				CLANG_CXX_LIBRARY = "libc++";
				CLANG_ENABLE_MODULES = YES;
				CLANG_ENABLE_OBJC_ARC = YES;
				CLANG_ENABLE_OBJC_WEAK = YES;
				CLANG_WARN_BLOCK_CAPTURE_AUTORELEASING = YES;
				CLANG_WARN_BOOL_CONVERSION = YES;
				CLANG_WARN_COMMA = YES;
				CLANG_WARN_CONSTANT_CONVERSION = YES;
				CLANG_WARN_DEPRECATED_OBJC_IMPLEMENTATIONS = YES;
				CLANG_WARN_DIRECT_OBJC_ISA_USAGE = YES_ERROR;
				CLANG_WARN_DOCUMENTATION_COMMENTS = YES;
				CLANG_WARN_EMPTY_BODY = YES;
				CLANG_WARN_ENUM_CONVERSION = YES;
				CLANG_WARN_INFINITE_RECURSION = YES;
				CLANG_WARN_INT_CONVERSION = YES;
				CLANG_WARN_NON_LITERAL_NULL_CONVERSION = YES;
				CLANG_WARN_OBJC_IMPLICIT_RETAIN_SELF = YES;
				CLANG_WARN_OBJC_LITERAL_CONVERSION = YES;
				CLANG_WARN_OBJC_ROOT_CLASS = YES_ERROR;
				CLANG_WARN_QUOTED_INCLUDE_IN_FRAMEWORK_HEADER = YES;
				CLANG_WARN_RANGE_LOOP_ANALYSIS = YES;
				CLANG_WARN_STRICT_PROTOTYPES = YES;
				CLANG_WARN_SUSPICIOUS_MOVE = YES;
				CLANG_WARN_UNGUARDED_AVAILABILITY = YES_AGGRESSIVE;
				CLANG_WARN_UNREACHABLE_CODE = YES;
				CLANG_WARN__DUPLICATE_METHOD_MATCH = YES;
				COPY_PHASE_STRIP = NO;
				DEBUG_INFORMATION_FORMAT = dwarf;
				ENABLE_STRICT_OBJC_MSGSEND = YES;
				ENABLE_TESTABILITY = YES;
				GCC_C_LANGUAGE_STANDARD = gnu11;
				GCC_DYNAMIC_NO_PIC = NO;
				GCC_NO_COMMON_BLOCKS = YES;
				GCC_OPTIMIZATION_LEVEL = 0;
				GCC_PREPROCESSOR_DEFINITIONS = (
					"DEBUG=1",
					"$(inherited)",
				);
				GCC_WARN_64_TO_32_BIT_CONVERSION = YES;
				GCC_WARN_ABOUT_RETURN_TYPE = YES_ERROR;
				GCC_WARN_UNDECLARED_SELECTOR = YES;
				GCC_WARN_UNINITIALIZED_AUTOS = YES_AGGRESSIVE;
				GCC_WARN_UNUSED_FUNCTION = YES;
				GCC_WARN_UNUSED_VARIABLE = YES;
				IPHONEOS_DEPLOYMENT_TARGET = 14.4;
				MTL_ENABLE_DEBUG_INFO = INCLUDE_SOURCE;
				MTL_FAST_MATH = YES;
				ONLY_ACTIVE_ARCH = YES;
				SDKROOT = iphoneos;
				SWIFT_ACTIVE_COMPILATION_CONDITIONS = DEBUG;
				SWIFT_OPTIMIZATION_LEVEL = "-Onone";
			};
			name = Debug;
		};
		ADCBC20126062553004AA8B8 /* Release */ = {
			isa = XCBuildConfiguration;
			buildSettings = {
				ALWAYS_SEARCH_USER_PATHS = NO;
				CLANG_ANALYZER_NONNULL = YES;
				CLANG_ANALYZER_NUMBER_OBJECT_CONVERSION = YES_AGGRESSIVE;
				CLANG_CXX_LANGUAGE_STANDARD = "gnu++14";
				CLANG_CXX_LIBRARY = "libc++";
				CLANG_ENABLE_MODULES = YES;
				CLANG_ENABLE_OBJC_ARC = YES;
				CLANG_ENABLE_OBJC_WEAK = YES;
				CLANG_WARN_BLOCK_CAPTURE_AUTORELEASING = YES;
				CLANG_WARN_BOOL_CONVERSION = YES;
				CLANG_WARN_COMMA = YES;
				CLANG_WARN_CONSTANT_CONVERSION = YES;
				CLANG_WARN_DEPRECATED_OBJC_IMPLEMENTATIONS = YES;
				CLANG_WARN_DIRECT_OBJC_ISA_USAGE = YES_ERROR;
				CLANG_WARN_DOCUMENTATION_COMMENTS = YES;
				CLANG_WARN_EMPTY_BODY = YES;
				CLANG_WARN_ENUM_CONVERSION = YES;
				CLANG_WARN_INFINITE_RECURSION = YES;
				CLANG_WARN_INT_CONVERSION = YES;
				CLANG_WARN_NON_LITERAL_NULL_CONVERSION = YES;
				CLANG_WARN_OBJC_IMPLICIT_RETAIN_SELF = YES;
				CLANG_WARN_OBJC_LITERAL_CONVERSION = YES;
				CLANG_WARN_OBJC_ROOT_CLASS = YES_ERROR;
				CLANG_WARN_QUOTED_INCLUDE_IN_FRAMEWORK_HEADER = YES;
				CLANG_WARN_RANGE_LOOP_ANALYSIS = YES;
				CLANG_WARN_STRICT_PROTOTYPES = YES;
				CLANG_WARN_SUSPICIOUS_MOVE = YES;
				CLANG_WARN_UNGUARDED_AVAILABILITY = YES_AGGRESSIVE;
				CLANG_WARN_UNREACHABLE_CODE = YES;
				CLANG_WARN__DUPLICATE_METHOD_MATCH = YES;
				COPY_PHASE_STRIP = NO;
				DEBUG_INFORMATION_FORMAT = "dwarf-with-dsym";
				ENABLE_NS_ASSERTIONS = NO;
				ENABLE_STRICT_OBJC_MSGSEND = YES;
				GCC_C_LANGUAGE_STANDARD = gnu11;
				GCC_NO_COMMON_BLOCKS = YES;
				GCC_WARN_64_TO_32_BIT_CONVERSION = YES;
				GCC_WARN_ABOUT_RETURN_TYPE = YES_ERROR;
				GCC_WARN_UNDECLARED_SELECTOR = YES;
				GCC_WARN_UNINITIALIZED_AUTOS = YES_AGGRESSIVE;
				GCC_WARN_UNUSED_FUNCTION = YES;
				GCC_WARN_UNUSED_VARIABLE = YES;
				IPHONEOS_DEPLOYMENT_TARGET = 14.4;
				MTL_ENABLE_DEBUG_INFO = NO;
				MTL_FAST_MATH = YES;
				SDKROOT = iphoneos;
				SWIFT_COMPILATION_MODE = wholemodule;
				SWIFT_OPTIMIZATION_LEVEL = "-O";
				VALIDATE_PRODUCT = YES;
			};
			name = Release;
		};
		ADCBC20326062553004AA8B8 /* Debug */ = {
			isa = XCBuildConfiguration;
			buildSettings = {
				ASSETCATALOG_COMPILER_APPICON_NAME = AppIcon;
				ASSETCATALOG_COMPILER_GLOBAL_ACCENT_COLOR_NAME = AccentColor;
				CODE_SIGN_STYLE = Automatic;
				DEVELOPMENT_TEAM = STYRP9W7ZQ;
				INFOPLIST_FILE = "Birthday Reminder/Info.plist";
				LD_RUNPATH_SEARCH_PATHS = (
					"$(inherited)",
					"@executable_path/Frameworks",
				);
				PRODUCT_BUNDLE_IDENTIFIER = "com.mediadh.App.Birthday-Reminder";
				PRODUCT_NAME = "$(TARGET_NAME)";
				SWIFT_VERSION = 5.0;
				TARGETED_DEVICE_FAMILY = "1,2";
			};
			name = Debug;
		};
		ADCBC20426062553004AA8B8 /* Release */ = {
			isa = XCBuildConfiguration;
			buildSettings = {
				ASSETCATALOG_COMPILER_APPICON_NAME = AppIcon;
				ASSETCATALOG_COMPILER_GLOBAL_ACCENT_COLOR_NAME = AccentColor;
				CODE_SIGN_STYLE = Automatic;
				DEVELOPMENT_TEAM = STYRP9W7ZQ;
				INFOPLIST_FILE = "Birthday Reminder/Info.plist";
				LD_RUNPATH_SEARCH_PATHS = (
					"$(inherited)",
					"@executable_path/Frameworks",
				);
				PRODUCT_BUNDLE_IDENTIFIER = "com.mediadh.App.Birthday-Reminder";
				PRODUCT_NAME = "$(TARGET_NAME)";
				SWIFT_VERSION = 5.0;
				TARGETED_DEVICE_FAMILY = "1,2";
			};
			name = Release;
		};
/* End XCBuildConfiguration section */

/* Begin XCConfigurationList section */
		ADCBC1E626062551004AA8B8 /* Build configuration list for PBXProject "Birthday Reminder" */ = {
			isa = XCConfigurationList;
			buildConfigurations = (
				ADCBC20026062553004AA8B8 /* Debug */,
				ADCBC20126062553004AA8B8 /* Release */,
			);
			defaultConfigurationIsVisible = 0;
			defaultConfigurationName = Release;
		};
		ADCBC20226062553004AA8B8 /* Build configuration list for PBXNativeTarget "Birthday Reminder" */ = {
			isa = XCConfigurationList;
			buildConfigurations = (
				ADCBC20326062553004AA8B8 /* Debug */,
				ADCBC20426062553004AA8B8 /* Release */,
			);
			defaultConfigurationIsVisible = 0;
			defaultConfigurationName = Release;
		};
/* End XCConfigurationList section */

/* Begin XCVersionGroup section */
		ADCBC1F726062551004AA8B8 /* Birthday_Reminder.xcdatamodeld */ = {
			isa = XCVersionGroup;
			children = (
				ADCBC1F826062551004AA8B8 /* Birthday_Reminder.xcdatamodel */,
			);
			currentVersion = ADCBC1F826062551004AA8B8 /* Birthday_Reminder.xcdatamodel */;
			path = Birthday_Reminder.xcdatamodeld;
			sourceTree = "<group>";
			versionGroupType = wrapper.xcdatamodel;
		};
/* End XCVersionGroup section */
	};
	rootObject = ADCBC1E326062551004AA8B8 /* Project object */;
}
